
Microsoft Visual Studio Solution File, Format Version 12.00
# Visual Studio 14
VisualStudioVersion = 14.0.25420.1
MinimumVisualStudioVersion = 10.0.40219.1
Project("{FAE04EC0-301F-11D3-BF4B-00C04F79EFBC}") = "OCCEjecutivoAPI", "OCCEjecutivoAPI\OCCEjecutivoAPI.csproj", "{6AE6FBA2-3BCF-438D-94E7-50C0182EA58B}"
EndProject
Project("{FAE04EC0-301F-11D3-BF4B-00C04F79EFBC}") = "OCCEjecutivoAPI.Tests", "OCCEjecutivoAPI.Tests\OCCEjecutivoAPI.Tests.csproj", "{0FCDF411-AED1-4ED7-86C6-BD33C3F9FAEB}"
EndProject
Global
	GlobalSection(SolutionConfigurationPlatforms) = preSolution
		Debug|Any CPU = Debug|Any CPU
		Release|Any CPU = Release|Any CPU
	EndGlobalSection
	GlobalSection(ProjectConfigurationPlatforms) = postSolution
		{6AE6FBA2-3BCF-438D-94E7-50C0182EA58B}.Debug|Any CPU.ActiveCfg = Debug|Any CPU
		{6AE6FBA2-3BCF-438D-94E7-50C0182EA58B}.Debug|Any CPU.Build.0 = Debug|Any CPU
		{6AE6FBA2-3BCF-438D-94E7-50C0182EA58B}.Release|Any CPU.ActiveCfg = Release|Any CPU
		{6AE6FBA2-3BCF-438D-94E7-50C0182EA58B}.Release|Any CPU.Build.0 = Release|Any CPU
		{0FCDF411-AED1-4ED7-86C6-BD33C3F9FAEB}.Debug|Any CPU.ActiveCfg = Debug|Any CPU
		{0FCDF411-AED1-4ED7-86C6-BD33C3F9FAEB}.Debug|Any CPU.Build.0 = Debug|Any CPU
		{0FCDF411-AED1-4ED7-86C6-BD33C3F9FAEB}.Release|Any CPU.ActiveCfg = Release|Any CPU
		{0FCDF411-AED1-4ED7-86C6-BD33C3F9FAEB}.Release|Any CPU.Build.0 = Release|Any CPU
	EndGlobalSection
	GlobalSection(SolutionProperties) = preSolution
		HideSolutionNode = FALSE
	EndGlobalSection
EndGlobal
